{
  "name": "teamcloud",
  "version": "1.0.0",
  "lockfileVersion": 1,
  "requires": true,
  "dependencies": {
    "@azure/abort-controller": {
      "version": "1.0.4",
      "resolved": "https://registry.npmjs.org/@azure/abort-controller/-/abort-controller-1.0.4.tgz",
      "integrity": "sha512-lNUmDRVGpanCsiUN3NWxFTdwmdFI53xwhkTFfHDGTYk46ca7Ind3nanJc+U6Zj9Tv+9nTCWRBscWEW1DyKOpTw==",
      "requires": {
        "tslib": "^2.0.0"
      },
      "dependencies": {
        "tslib": {
          "version": "2.2.0",
          "resolved": "https://registry.npmjs.org/tslib/-/tslib-2.2.0.tgz",
          "integrity": "sha512-gS9GVHRU+RGn5KQM2rllAlR3dU6m7AcpJKdtH8gFvQiC4Otgk98XnmMU+nZenHt/+VhnBPWwgrJsyrdcw6i23w=="
        }
      }
    },
    "@azure/core-asynciterator-polyfill": {
      "version": "1.0.0",
      "resolved": "https://registry.npmjs.org/@azure/core-asynciterator-polyfill/-/core-asynciterator-polyfill-1.0.0.tgz",
      "integrity": "sha512-kmv8CGrPfN9SwMwrkiBK9VTQYxdFQEGe0BmQk+M8io56P9KNzpAxcWE/1fxJj7uouwN4kXF0BHW8DNlgx+wtCg=="
    },
    "@azure/core-auth": {
      "version": "1.3.0",
      "resolved": "https://registry.npmjs.org/@azure/core-auth/-/core-auth-1.3.0.tgz",
      "integrity": "sha512-kSDSZBL6c0CYdhb+7KuutnKGf2geeT+bCJAgccB0DD7wmNJSsQPcF7TcuoZX83B7VK4tLz/u+8sOO/CnCsYp8A==",
      "requires": {
        "@azure/abort-controller": "^1.0.0",
        "tslib": "^2.0.0"
      },
      "dependencies": {
        "tslib": {
          "version": "2.2.0",
          "resolved": "https://registry.npmjs.org/tslib/-/tslib-2.2.0.tgz",
          "integrity": "sha512-gS9GVHRU+RGn5KQM2rllAlR3dU6m7AcpJKdtH8gFvQiC4Otgk98XnmMU+nZenHt/+VhnBPWwgrJsyrdcw6i23w=="
        }
      }
    },
    "@azure/core-http": {
      "version": "1.2.4",
      "resolved": "https://registry.npmjs.org/@azure/core-http/-/core-http-1.2.4.tgz",
      "integrity": "sha512-cNumz3ckyFZY5zWOgcTHSO7AKRVwxbodG8WfcEGcdH+ZJL3KvJEI/vN58H6xk5v3ijulU2x/WPGJqrMVvcI79A==",
      "requires": {
        "@azure/abort-controller": "^1.0.0",
        "@azure/core-asynciterator-polyfill": "^1.0.0",
        "@azure/core-auth": "^1.3.0",
        "@azure/core-tracing": "1.0.0-preview.11",
        "@azure/logger": "^1.0.0",
        "@types/node-fetch": "^2.5.0",
        "@types/tunnel": "^0.0.1",
        "form-data": "^3.0.0",
        "node-fetch": "^2.6.0",
        "process": "^0.11.10",
        "tough-cookie": "^4.0.0",
        "tslib": "^2.0.0",
        "tunnel": "^0.0.6",
        "uuid": "^8.3.0",
        "xml2js": "^0.4.19"
      },
      "dependencies": {
        "tslib": {
          "version": "2.2.0",
          "resolved": "https://registry.npmjs.org/tslib/-/tslib-2.2.0.tgz",
          "integrity": "sha512-gS9GVHRU+RGn5KQM2rllAlR3dU6m7AcpJKdtH8gFvQiC4Otgk98XnmMU+nZenHt/+VhnBPWwgrJsyrdcw6i23w=="
        }
      }
    },
    "@azure/core-tracing": {
      "version": "1.0.0-preview.11",
      "resolved": "https://registry.npmjs.org/@azure/core-tracing/-/core-tracing-1.0.0-preview.11.tgz",
      "integrity": "sha512-frF0pJc9HTmKncVokhBxCqipjbql02DThQ1ZJ9wLi7SDMLdPAFyDI5xZNzX5guLz+/DtPkY+SGK2li9FIXqshQ==",
      "requires": {
        "@opencensus/web-types": "0.0.7",
        "@opentelemetry/api": "1.0.0-rc.0",
        "tslib": "^2.0.0"
      },
      "dependencies": {
        "tslib": {
          "version": "2.2.0",
          "resolved": "https://registry.npmjs.org/tslib/-/tslib-2.2.0.tgz",
          "integrity": "sha512-gS9GVHRU+RGn5KQM2rllAlR3dU6m7AcpJKdtH8gFvQiC4Otgk98XnmMU+nZenHt/+VhnBPWwgrJsyrdcw6i23w=="
        }
      }
    },
    "@azure/logger": {
      "version": "1.0.2",
      "resolved": "https://registry.npmjs.org/@azure/logger/-/logger-1.0.2.tgz",
      "integrity": "sha512-YZNjNV0vL3nN2nedmcjQBcpCTo3oqceXmgiQtEm6fLpucjRZyQKAQruhCmCpRlB1iykqKJJ/Y8CDmT5rIE6IJw==",
      "requires": {
        "tslib": "^2.0.0"
      },
      "dependencies": {
        "tslib": {
          "version": "2.2.0",
          "resolved": "https://registry.npmjs.org/tslib/-/tslib-2.2.0.tgz",
          "integrity": "sha512-gS9GVHRU+RGn5KQM2rllAlR3dU6m7AcpJKdtH8gFvQiC4Otgk98XnmMU+nZenHt/+VhnBPWwgrJsyrdcw6i23w=="
        }
      }
    },
    "@microsoft/api-extractor": {
      "version": "7.9.10",
      "resolved": "https://registry.npmjs.org/@microsoft/api-extractor/-/api-extractor-7.9.10.tgz",
      "integrity": "sha512-hN/iyFN7FRM6flSDmeb2RJGGeo1CF7CONlsjxgoiXU3cqx8601vWheJK06s8+aR8IrBtnV12ZVMii8syQw6AgA==",
      "dev": true,
      "requires": {
        "@microsoft/api-extractor-model": "7.8.18",
        "@microsoft/tsdoc": "0.12.19",
        "@rushstack/node-core-library": "3.29.1",
        "@rushstack/ts-command-line": "4.6.3",
        "colors": "~1.2.1",
        "lodash": "~4.17.15",
        "resolve": "~1.17.0",
        "semver": "~7.3.0",
        "source-map": "~0.6.1",
        "typescript": "~3.9.5"
      }
    },
    "@microsoft/api-extractor-model": {
      "version": "7.8.18",
      "resolved": "https://registry.npmjs.org/@microsoft/api-extractor-model/-/api-extractor-model-7.8.18.tgz",
      "integrity": "sha512-f/cotp4xvhhhpqAvnHd+M5xfaWIwokZfrezDcCEW4BFQMdjB7VhhXMA62Std/2E83B1YZ+/QsWoIZPaGuIcbBg==",
      "dev": true,
      "requires": {
        "@microsoft/tsdoc": "0.12.19",
        "@rushstack/node-core-library": "3.29.1"
      }
    },
    "@microsoft/tsdoc": {
      "version": "0.12.19",
      "resolved": "https://registry.npmjs.org/@microsoft/tsdoc/-/tsdoc-0.12.19.tgz",
      "integrity": "sha512-IpgPxHrNxZiMNUSXqR1l/gePKPkfAmIKoDRP9hp7OwjU29ZR8WCJsOJ8iBKgw0Qk+pFwR+8Y1cy8ImLY6e9m4A==",
      "dev": true
    },
    "@opencensus/web-types": {
      "version": "0.0.7",
      "resolved": "https://registry.npmjs.org/@opencensus/web-types/-/web-types-0.0.7.tgz",
      "integrity": "sha512-xB+w7ZDAu3YBzqH44rCmG9/RlrOmFuDPt/bpf17eJr8eZSrLt7nc7LnWdxM9Mmoj/YKMHpxRg28txu3TcpiL+g=="
    },
    "@opentelemetry/api": {
      "version": "1.0.0-rc.0",
      "resolved": "https://registry.npmjs.org/@opentelemetry/api/-/api-1.0.0-rc.0.tgz",
      "integrity": "sha512-iXKByCMfrlO5S6Oh97BuM56tM2cIBB0XsL/vWF/AtJrJEKx4MC/Xdu0xDsGXMGcNWpqF7ujMsjjnp0+UHBwnDQ=="
    },
    "@rushstack/node-core-library": {
      "version": "3.29.1",
      "resolved": "https://registry.npmjs.org/@rushstack/node-core-library/-/node-core-library-3.29.1.tgz",
      "integrity": "sha512-EHPZOy6/6lc9e1rfvB46sSXXsyaGMMfjBthGsRBqjmLedwUd6pFounlTtrGolugmW7DjRgs7wwvfYbsBcOW/vQ==",
      "dev": true,
      "requires": {
        "@types/node": "10.17.13",
        "colors": "~1.2.1",
        "fs-extra": "~7.0.1",
        "import-lazy": "~4.0.0",
        "jju": "~1.4.0",
        "semver": "~7.3.0",
        "timsort": "~0.3.0",
        "z-schema": "~3.18.3"
      },
      "dependencies": {
        "@types/node": {
          "version": "10.17.13",
          "resolved": "https://registry.npmjs.org/@types/node/-/node-10.17.13.tgz",
          "integrity": "sha512-pMCcqU2zT4TjqYFrWtYHKal7Sl30Ims6ulZ4UFXxI4xbtQqK/qqKwkDoBFCfooRqqmRu9vY3xaJRwxSh673aYg==",
          "dev": true
        }
      }
    },
    "@rushstack/ts-command-line": {
      "version": "4.6.3",
      "resolved": "https://registry.npmjs.org/@rushstack/ts-command-line/-/ts-command-line-4.6.3.tgz",
      "integrity": "sha512-mSkUDnc88kxiC9dKDVCNm1d08Ih918vSpLZGi1XHy/gYiQy4JcEW/O4MlqGAY9vNRigtm0dg4iJTiae+FTIxfA==",
      "dev": true,
      "requires": {
        "@types/argparse": "1.0.38",
        "argparse": "~1.0.9",
        "colors": "~1.2.1",
        "string-argv": "~0.3.1"
      }
    },
    "@types/argparse": {
      "version": "1.0.38",
      "resolved": "https://registry.npmjs.org/@types/argparse/-/argparse-1.0.38.tgz",
      "integrity": "sha512-ebDJ9b0e702Yr7pWgB0jzm+CX4Srzz8RcXtLJDJB+BSccqMa36uyH/zUsSYao5+BD1ytv3k3rPYCq4mAE1hsXA==",
      "dev": true
    },
    "@types/estree": {
      "version": "0.0.39",
      "resolved": "https://registry.npmjs.org/@types/estree/-/estree-0.0.39.tgz",
      "integrity": "sha512-EYNwp3bU+98cpU4lAWYYL7Zz+2gryWH1qbdDTidVd6hkiR6weksdbMadyXKXNPEkQFhXM+hVO9ZygomHXp+AIw==",
      "dev": true
    },
    "@types/node": {
      "version": "14.14.41",
      "resolved": "https://registry.npmjs.org/@types/node/-/node-14.14.41.tgz",
      "integrity": "sha512-dueRKfaJL4RTtSa7bWeTK1M+VH+Gns73oCgzvYfHZywRCoPSd8EkXBL0mZ9unPTveBn+D9phZBaxuzpwjWkW0g=="
    },
    "@types/node-fetch": {
      "version": "2.5.10",
      "resolved": "https://registry.npmjs.org/@types/node-fetch/-/node-fetch-2.5.10.tgz",
      "integrity": "sha512-IpkX0AasN44hgEad0gEF/V6EgR5n69VEqPEgnmoM8GsIGro3PowbWs4tR6IhxUTyPLpOn+fiGG6nrQhcmoCuIQ==",
      "requires": {
        "@types/node": "*",
        "form-data": "^3.0.0"
      }
    },
    "@types/tunnel": {
      "version": "0.0.1",
      "resolved": "https://registry.npmjs.org/@types/tunnel/-/tunnel-0.0.1.tgz",
      "integrity": "sha512-AOqu6bQu5MSWwYvehMXLukFHnupHrpZ8nvgae5Ggie9UwzDR1CCwoXgSSWNZJuyOlCdfdsWMA5F2LlmvyoTv8A==",
      "requires": {
        "@types/node": "*"
      }
    },
    "argparse": {
      "version": "1.0.10",
      "resolved": "https://registry.npmjs.org/argparse/-/argparse-1.0.10.tgz",
      "integrity": "sha512-o5Roy6tNG4SL/FOkCAN6RzjiakZS25RLYFrcMttJqbdd8BWrnA+fGz57iN5Pb06pvBGvl5gQ0B48dJlslXvoTg==",
      "dev": true,
      "requires": {
        "sprintf-js": "~1.0.2"
      }
    },
    "asynckit": {
      "version": "0.4.0",
      "resolved": "https://registry.npmjs.org/asynckit/-/asynckit-0.4.0.tgz",
      "integrity": "sha1-x57Zf380y48robyXkLzDZkdLS3k="
    },
    "atob": {
      "version": "2.1.2",
      "resolved": "https://registry.npmjs.org/atob/-/atob-2.1.2.tgz",
      "integrity": "sha512-Wm6ukoaOGJi/73p/cl2GvLjTI5JM1k/O14isD73YML8StrH/7/lRFgmg8nICZgD3bZZvjwCGxtMOD3wWNAu8cg==",
      "dev": true
    },
    "builtin-modules": {
      "version": "2.0.0",
      "resolved": "https://registry.npmjs.org/builtin-modules/-/builtin-modules-2.0.0.tgz",
      "integrity": "sha512-3U5kUA5VPsRUA3nofm/BXX7GVHKfxz0hOBAPxXrIvHzlDRkQVqEn6yi8QJegxl4LzOHLdvb7XF5dVawa/VVYBg==",
      "dev": true
    },
    "colors": {
      "version": "1.2.5",
      "resolved": "https://registry.npmjs.org/colors/-/colors-1.2.5.tgz",
      "integrity": "sha512-erNRLao/Y3Fv54qUa0LBB+//Uf3YwMUmdJinN20yMXm9zdKKqH9wt7R9IIVZ+K7ShzfpLV/Zg8+VyrBJYB4lpg==",
      "dev": true
    },
    "combined-stream": {
      "version": "1.0.8",
      "resolved": "https://registry.npmjs.org/combined-stream/-/combined-stream-1.0.8.tgz",
      "integrity": "sha512-FQN4MRfuJeHf7cBbBMJFXhKSDq+2kAArBlmRBvcvFE5BB1HZKXtSFASDhdlz9zOYwxh8lDdnvmMOe/+5cdoEdg==",
      "requires": {
        "delayed-stream": "~1.0.0"
      }
    },
    "commander": {
      "version": "2.20.3",
      "resolved": "https://registry.npmjs.org/commander/-/commander-2.20.3.tgz",
      "integrity": "sha512-GpVkmM8vF2vQUkj2LvZmD35JxeJOLCwJ9cUkugyk2nuhbv3+mJvpLYYt+0+USMxE+oj+ey/lJEnhZw75x/OMcQ==",
      "dev": true,
      "optional": true
    },
    "decode-uri-component": {
      "version": "0.2.0",
      "resolved": "https://registry.npmjs.org/decode-uri-component/-/decode-uri-component-0.2.0.tgz",
      "integrity": "sha1-6zkTMzRYd1y4TNGh+uBiEGu4dUU=",
      "dev": true
    },
    "delayed-stream": {
      "version": "1.0.0",
      "resolved": "https://registry.npmjs.org/delayed-stream/-/delayed-stream-1.0.0.tgz",
      "integrity": "sha1-3zrhmayt+31ECqrgsp4icrJOxhk="
    },
    "estree-walker": {
      "version": "0.6.1",
      "resolved": "https://registry.npmjs.org/estree-walker/-/estree-walker-0.6.1.tgz",
      "integrity": "sha512-SqmZANLWS0mnatqbSfRP5g8OXZC12Fgg1IwNtLsyHDzJizORW4khDfjPqJZsemPWBB2uqykUah5YpQ6epsqC/w==",
      "dev": true
    },
    "form-data": {
      "version": "3.0.1",
      "resolved": "https://registry.npmjs.org/form-data/-/form-data-3.0.1.tgz",
      "integrity": "sha512-RHkBKtLWUVwd7SqRIvCZMEvAMoGUp0XU+seQiZejj0COz3RI3hWP4sCv3gZWWLjJTd7rGwcsF5eKZGii0r/hbg==",
      "requires": {
        "asynckit": "^0.4.0",
        "combined-stream": "^1.0.8",
        "mime-types": "^2.1.12"
      }
    },
    "fs-extra": {
      "version": "7.0.1",
      "resolved": "https://registry.npmjs.org/fs-extra/-/fs-extra-7.0.1.tgz",
      "integrity": "sha512-YJDaCJZEnBmcbw13fvdAM9AwNOJwOzrE4pqMqBq5nFiEqXUqHwlK4B+3pUw6JNvfSPtX05xFHtYy/1ni01eGCw==",
      "dev": true,
      "requires": {
        "graceful-fs": "^4.1.2",
        "jsonfile": "^4.0.0",
        "universalify": "^0.1.0"
      }
    },
    "graceful-fs": {
      "version": "4.2.6",
      "resolved": "https://registry.npmjs.org/graceful-fs/-/graceful-fs-4.2.6.tgz",
      "integrity": "sha512-nTnJ528pbqxYanhpDYsi4Rd8MAeaBA67+RZ10CM1m3bTAVFEDcd5AuA4a6W5YkGZ1iNXHzZz8T6TBKLeBuNriQ==",
      "dev": true
    },
    "import-lazy": {
      "version": "4.0.0",
      "resolved": "https://registry.npmjs.org/import-lazy/-/import-lazy-4.0.0.tgz",
      "integrity": "sha512-rKtvo6a868b5Hu3heneU+L4yEQ4jYKLtjpnPeUdK7h0yzXGmyBTypknlkCvHFBqfX9YlorEiMM6Dnq/5atfHkw==",
      "dev": true
    },
    "is-module": {
      "version": "1.0.0",
      "resolved": "https://registry.npmjs.org/is-module/-/is-module-1.0.0.tgz",
      "integrity": "sha1-Mlj7afeMFNW4FdZkM2tM/7ZEFZE=",
      "dev": true
    },
    "jju": {
      "version": "1.4.0",
      "resolved": "https://registry.npmjs.org/jju/-/jju-1.4.0.tgz",
      "integrity": "sha1-o6vicYryQaKykE+EpiWXDzia4yo=",
      "dev": true
    },
    "jsonfile": {
      "version": "4.0.0",
      "resolved": "https://registry.npmjs.org/jsonfile/-/jsonfile-4.0.0.tgz",
      "integrity": "sha1-h3Gq4HmbZAdrdmQPygWPnBDjPss=",
      "dev": true,
      "requires": {
        "graceful-fs": "^4.1.6"
      }
    },
    "lodash": {
      "version": "4.17.21",
      "resolved": "https://registry.npmjs.org/lodash/-/lodash-4.17.21.tgz",
      "integrity": "sha512-v2kDEe57lecTulaDIuNTPy3Ry4gLGJ6Z1O3vE1krgXZNrsQ+LFTGHVxVjcXPs17LhbZVGedAJv8XZ1tvj5FvSg==",
      "dev": true
    },
    "lodash.get": {
      "version": "4.4.2",
      "resolved": "https://registry.npmjs.org/lodash.get/-/lodash.get-4.4.2.tgz",
      "integrity": "sha1-LRd/ZS+jHpObRDjVNBSZ36OCXpk=",
      "dev": true
    },
    "lodash.isequal": {
      "version": "4.5.0",
      "resolved": "https://registry.npmjs.org/lodash.isequal/-/lodash.isequal-4.5.0.tgz",
      "integrity": "sha1-QVxEePK8wwEgwizhDtMib30+GOA=",
      "dev": true
    },
    "lru-cache": {
      "version": "6.0.0",
      "resolved": "https://registry.npmjs.org/lru-cache/-/lru-cache-6.0.0.tgz",
      "integrity": "sha512-Jo6dJ04CmSjuznwJSS3pUeWmd/H0ffTlkXXgwZi+eq1UCmqQwCh+eLsYOYCwY991i2Fah4h1BEMCx4qThGbsiA==",
      "dev": true,
      "requires": {
        "yallist": "^4.0.0"
      }
    },
    "mime-db": {
      "version": "1.47.0",
      "resolved": "https://registry.npmjs.org/mime-db/-/mime-db-1.47.0.tgz",
      "integrity": "sha512-QBmA/G2y+IfeS4oktet3qRZ+P5kPhCKRXxXnQEudYqUaEioAU1/Lq2us3D/t1Jfo4hE9REQPrbB7K5sOczJVIw=="
    },
    "mime-types": {
      "version": "2.1.30",
      "resolved": "https://registry.npmjs.org/mime-types/-/mime-types-2.1.30.tgz",
      "integrity": "sha512-crmjA4bLtR8m9qLpHvgxSChT+XoSlZi8J4n/aIdn3z92e/U47Z0V/yl+Wh9W046GgFVAmoNR/fmdbZYcSSIUeg==",
      "requires": {
        "mime-db": "1.47.0"
      }
    },
    "mkdirp": {
      "version": "1.0.4",
      "resolved": "https://registry.npmjs.org/mkdirp/-/mkdirp-1.0.4.tgz",
      "integrity": "sha512-vVqVZQyf3WLx2Shd0qJ9xuvqgAyKPLAiqITEtqW0oIUjzo3PePDd6fW9iFz30ef7Ysp/oiWqbhszeGWW2T6Gzw==",
      "dev": true
    },
    "node-fetch": {
      "version": "2.6.1",
      "resolved": "https://registry.npmjs.org/node-fetch/-/node-fetch-2.6.1.tgz",
      "integrity": "sha512-V4aYg89jEoVRxRb2fJdAg8FHvI7cEyYdVAh94HH0UIK8oJxUfkjlDQN9RbMx+bEjP7+ggMiFRprSti032Oipxw=="
    },
    "path-parse": {
      "version": "1.0.6",
      "resolved": "https://registry.npmjs.org/path-parse/-/path-parse-1.0.6.tgz",
      "integrity": "sha512-GSmOT2EbHrINBf9SR7CDELwlJ8AENk3Qn7OikK4nFYAu3Ote2+JYNVvkpAEQm3/TLNEJFD/xZJjzyxg3KBWOzw==",
      "dev": true
    },
    "process": {
      "version": "0.11.10",
      "resolved": "https://registry.npmjs.org/process/-/process-0.11.10.tgz",
      "integrity": "sha1-czIwDoQBYb2j5podHZGn1LwW8YI="
    },
    "psl": {
      "version": "1.8.0",
      "resolved": "https://registry.npmjs.org/psl/-/psl-1.8.0.tgz",
      "integrity": "sha512-RIdOzyoavK+hA18OGGWDqUTsCLhtA7IcZ/6NCs4fFJaHBDab+pDDmDIByWFRQJq2Cd7r1OoQxBGKOaztq+hjIQ=="
    },
    "punycode": {
      "version": "2.1.1",
      "resolved": "https://registry.npmjs.org/punycode/-/punycode-2.1.1.tgz",
      "integrity": "sha512-XRsRjdf+j5ml+y/6GKHPZbrF/8p2Yga0JPtdqTIY2Xe5ohJPD9saDJJLPvp9+NSBprVvevdXZybnj2cv8OEd0A=="
    },
    "resolve": {
      "version": "1.17.0",
      "resolved": "https://registry.npmjs.org/resolve/-/resolve-1.17.0.tgz",
      "integrity": "sha512-ic+7JYiV8Vi2yzQGFWOkiZD5Z9z7O2Zhm9XMaTxdJExKasieFCr+yXZ/WmXsckHiKl12ar0y6XiXDx3m4RHn1w==",
      "dev": true,
      "requires": {
        "path-parse": "^1.0.6"
      }
    },
    "resolve-url": {
      "version": "0.2.1",
      "resolved": "https://registry.npmjs.org/resolve-url/-/resolve-url-0.2.1.tgz",
      "integrity": "sha1-LGN/53yJOv0qZj/iGqkIAGjiBSo=",
      "dev": true
    },
    "rollup": {
      "version": "0.66.6",
      "resolved": "https://registry.npmjs.org/rollup/-/rollup-0.66.6.tgz",
      "integrity": "sha512-J7/SWanrcb83vfIHqa8+aVVGzy457GcjA6GVZEnD0x2u4OnOd0Q1pCrEoNe8yLwM6z6LZP02zBT2uW0yh5TqOw==",
      "dev": true,
      "requires": {
        "@types/estree": "0.0.39",
        "@types/node": "*"
      }
    },
    "rollup-plugin-node-resolve": {
      "version": "3.4.0",
      "resolved": "https://registry.npmjs.org/rollup-plugin-node-resolve/-/rollup-plugin-node-resolve-3.4.0.tgz",
      "integrity": "sha512-PJcd85dxfSBWih84ozRtBkB731OjXk0KnzN0oGp7WOWcarAFkVa71cV5hTJg2qpVsV2U8EUwrzHP3tvy9vS3qg==",
      "dev": true,
      "requires": {
        "builtin-modules": "^2.0.0",
        "is-module": "^1.0.0",
        "resolve": "^1.1.6"
      }
    },
    "rollup-plugin-sourcemaps": {
      "version": "0.4.2",
      "resolved": "https://registry.npmjs.org/rollup-plugin-sourcemaps/-/rollup-plugin-sourcemaps-0.4.2.tgz",
      "integrity": "sha1-YhJaqUCHqt97g+9N+vYptHMTXoc=",
      "dev": true,
      "requires": {
        "rollup-pluginutils": "^2.0.1",
        "source-map-resolve": "^0.5.0"
      }
    },
    "rollup-pluginutils": {
      "version": "2.8.2",
      "resolved": "https://registry.npmjs.org/rollup-pluginutils/-/rollup-pluginutils-2.8.2.tgz",
      "integrity": "sha512-EEp9NhnUkwY8aif6bxgovPHMoMoNr2FulJziTndpt5H9RdwC47GSGuII9XxpSdzVGM0GWrNPHV6ie1LTNJPaLQ==",
      "dev": true,
      "requires": {
        "estree-walker": "^0.6.1"
      }
    },
    "sax": {
      "version": "1.2.4",
      "resolved": "https://registry.npmjs.org/sax/-/sax-1.2.4.tgz",
      "integrity": "sha512-NqVDv9TpANUjFm0N8uM5GxL36UgKi9/atZw+x7YFnQ8ckwFGKrl4xX4yWtrey3UJm5nP1kUbnYgLopqWNSRhWw=="
    },
    "semver": {
      "version": "7.3.5",
      "resolved": "https://registry.npmjs.org/semver/-/semver-7.3.5.tgz",
      "integrity": "sha512-PoeGJYh8HK4BTO/a9Tf6ZG3veo/A7ZVsYrSA6J8ny9nb3B1VrpkuN+z9OE5wfE5p6H4LchYZsegiQgbJD94ZFQ==",
      "dev": true,
      "requires": {
        "lru-cache": "^6.0.0"
      }
    },
    "source-map": {
      "version": "0.6.1",
      "resolved": "https://registry.npmjs.org/source-map/-/source-map-0.6.1.tgz",
      "integrity": "sha512-UjgapumWlbMhkBgzT7Ykc5YXUT46F0iKu8SGXq0bcwP5dz/h0Plj6enJqjz1Zbq2l5WaqYnrVbwWOWMyF3F47g==",
      "dev": true
    },
    "source-map-resolve": {
      "version": "0.5.3",
      "resolved": "https://registry.npmjs.org/source-map-resolve/-/source-map-resolve-0.5.3.tgz",
      "integrity": "sha512-Htz+RnsXWk5+P2slx5Jh3Q66vhQj1Cllm0zvnaY98+NFx+Dv2CF/f5O/t8x+KaNdrdIAsruNzoh/KpialbqAnw==",
      "dev": true,
      "requires": {
        "atob": "^2.1.2",
        "decode-uri-component": "^0.2.0",
        "resolve-url": "^0.2.1",
        "source-map-url": "^0.4.0",
        "urix": "^0.1.0"
      }
    },
    "source-map-url": {
      "version": "0.4.1",
      "resolved": "https://registry.npmjs.org/source-map-url/-/source-map-url-0.4.1.tgz",
      "integrity": "sha512-cPiFOTLUKvJFIg4SKVScy4ilPPW6rFgMgfuZJPNoDuMs3nC1HbMUycBoJw77xFIp6z1UJQJOfx6C9GMH80DiTw==",
      "dev": true
    },
    "sprintf-js": {
      "version": "1.0.3",
      "resolved": "https://registry.npmjs.org/sprintf-js/-/sprintf-js-1.0.3.tgz",
      "integrity": "sha1-BOaSb2YolTVPPdAVIDYzuFcpfiw=",
      "dev": true
    },
    "string-argv": {
      "version": "0.3.1",
      "resolved": "https://registry.npmjs.org/string-argv/-/string-argv-0.3.1.tgz",
      "integrity": "sha512-a1uQGz7IyVy9YwhqjZIZu1c8JO8dNIe20xBmSS6qu9kv++k3JGzCVmprbNN5Kn+BgzD5E7YYwg1CcjuJMRNsvg==",
      "dev": true
    },
    "timsort": {
      "version": "0.3.0",
      "resolved": "https://registry.npmjs.org/timsort/-/timsort-0.3.0.tgz",
      "integrity": "sha1-QFQRqOfmM5/mTbmiNN4R3DHgK9Q=",
      "dev": true
    },
    "tough-cookie": {
      "version": "4.0.0",
      "resolved": "https://registry.npmjs.org/tough-cookie/-/tough-cookie-4.0.0.tgz",
      "integrity": "sha512-tHdtEpQCMrc1YLrMaqXXcj6AxhYi/xgit6mZu1+EDWUn+qhUf8wMQoFIy9NXuq23zAwtcB0t/MjACGR18pcRbg==",
      "requires": {
        "psl": "^1.1.33",
        "punycode": "^2.1.1",
        "universalify": "^0.1.2"
      }
    },
    "tslib": {
      "version": "1.14.1",
      "resolved": "https://registry.npmjs.org/tslib/-/tslib-1.14.1.tgz",
      "integrity": "sha512-Xni35NKzjgMrwevysHTCArtLDpPvye8zV/0E4EyYn43P7/7qvQwPh9BGkHewbMulVntbigmcT7rdX3BNo9wRJg=="
    },
    "tunnel": {
      "version": "0.0.6",
      "resolved": "https://registry.npmjs.org/tunnel/-/tunnel-0.0.6.tgz",
      "integrity": "sha512-1h/Lnq9yajKY2PEbBadPXj3VxsDDu844OnaAo52UVmIzIvwwtBPIuNvkjuzBlTWpfJyUbG3ez0KSBibQkj4ojg=="
    },
    "typescript": {
      "version": "3.9.9",
      "resolved": "https://registry.npmjs.org/typescript/-/typescript-3.9.9.tgz",
      "integrity": "sha512-kdMjTiekY+z/ubJCATUPlRDl39vXYiMV9iyeMuEuXZh2we6zz80uovNN2WlAxmmdE/Z/YQe+EbOEXB5RHEED3w==",
      "dev": true
    },
    "uglify-js": {
      "version": "3.13.4",
      "resolved": "https://registry.npmjs.org/uglify-js/-/uglify-js-3.13.4.tgz",
      "integrity": "sha512-kv7fCkIXyQIilD5/yQy8O+uagsYIOt5cZvs890W40/e/rvjMSzJw81o9Bg0tkURxzZBROtDQhW2LFjOGoK3RZw==",
      "dev": true
    },
    "universalify": {
      "version": "0.1.2",
      "resolved": "https://registry.npmjs.org/universalify/-/universalify-0.1.2.tgz",
      "integrity": "sha512-rBJeI5CXAlmy1pV+617WB9J63U6XcazHHF2f2dbJix4XzpUF0RS3Zbj0FGIOCAva5P/d/GBOYaACQ1w+0azUkg=="
    },
    "urix": {
      "version": "0.1.0",
      "resolved": "https://registry.npmjs.org/urix/-/urix-0.1.0.tgz",
      "integrity": "sha1-2pN/emLiH+wf0Y1Js1wpNQZ6bHI=",
      "dev": true
    },
    "uuid": {
      "version": "8.3.2",
      "resolved": "https://registry.npmjs.org/uuid/-/uuid-8.3.2.tgz",
      "integrity": "sha512-+NYs2QeMWy+GWFOEm9xnn6HCDp0l7QBD7ml8zLUmJ+93Q5NF0NocErnwkTkXVFNiX3/fpC6afS8Dhb/gz7R7eg=="
    },
    "validator": {
      "version": "8.2.0",
      "resolved": "https://registry.npmjs.org/validator/-/validator-8.2.0.tgz",
      "integrity": "sha512-Yw5wW34fSv5spzTXNkokD6S6/Oq92d8q/t14TqsS3fAiA1RYnxSFSIZ+CY3n6PGGRCq5HhJTSepQvFUS2QUDxA==",
      "dev": true
    },
    "xml2js": {
      "version": "0.4.23",
      "resolved": "https://registry.npmjs.org/xml2js/-/xml2js-0.4.23.tgz",
      "integrity": "sha512-ySPiMjM0+pLDftHgXY4By0uswI3SPKLDw/i3UXbnO8M/p28zqexCUoPmQFrYD+/1BzhGJSs2i1ERWKJAtiLrug==",
      "requires": {
        "sax": ">=0.6.0",
        "xmlbuilder": "~11.0.0"
      }
    },
    "xmlbuilder": {
      "version": "11.0.1",
      "resolved": "https://registry.npmjs.org/xmlbuilder/-/xmlbuilder-11.0.1.tgz",
      "integrity": "sha512-fDlsI/kFEx7gLvbecc0/ohLG50fugQp8ryHzMTuW9vSa1GJ0XYWKnhsUx7oie3G98+r56aTQIUB4kht42R3JvA=="
    },
    "yallist": {
      "version": "4.0.0",
      "resolved": "https://registry.npmjs.org/yallist/-/yallist-4.0.0.tgz",
      "integrity": "sha512-3wdGidZyq5PB084XLES5TpOSRA3wjXAlIWMhum2kRcv/41Sn2emQ0dycQW4uZXLejwKvg6EsvbdlVL+FYEct7A==",
      "dev": true
    },
    "z-schema": {
      "version": "3.18.4",
      "resolved": "https://registry.npmjs.org/z-schema/-/z-schema-3.18.4.tgz",
      "integrity": "sha512-DUOKC/IhbkdLKKiV89gw9DUauTV8U/8yJl1sjf6MtDmzevLKOF2duNJ495S3MFVjqZarr+qNGCPbkg4mu4PpLw==",
      "dev": true,
      "requires": {
        "commander": "^2.7.1",
        "lodash.get": "^4.0.0",
        "lodash.isequal": "^4.0.0",
        "validator": "^8.0.0"
      }
    }
  }
}
