
Microsoft Visual Studio Solution File, Format Version 12.00
# Visual Studio Version 17
VisualStudioVersion = 17.0.31815.197
MinimumVisualStudioVersion = 10.0.40219.1
Project("{9A19103F-16F7-4668-BE54-9A1E7A4F7556}") = "TeamCloud.API", "TeamCloud.API\TeamCloud.API.csproj", "{A725AC46-CE42-4B26-A928-D33299B9EE3B}"
EndProject
Project("{9A19103F-16F7-4668-BE54-9A1E7A4F7556}") = "TeamCloud.Model", "TeamCloud.Model\TeamCloud.Model.csproj", "{79AAAEF3-7DDC-47B9-935E-647D93C80D3F}"
EndProject
Project("{9A19103F-16F7-4668-BE54-9A1E7A4F7556}") = "TeamCloud.Orchestrator", "TeamCloud.Orchestrator\TeamCloud.Orchestrator.csproj", "{833BEEE5-CC9E-4F1B-A9E7-55EAA5AD3273}"
EndProject
Project("{9A19103F-16F7-4668-BE54-9A1E7A4F7556}") = "TeamCloud.Data", "TeamCloud.Data\TeamCloud.Data.csproj", "{C89ECD4E-243F-48EB-A7F6-B5E7BBB71131}"
EndProject
Project("{9A19103F-16F7-4668-BE54-9A1E7A4F7556}") = "TeamCloud.Configuration", "TeamCloud.Configuration\TeamCloud.Configuration.csproj", "{61B44E82-7B12-469A-81D7-AB6EEC4C6AA6}"
EndProject
Project("{9A19103F-16F7-4668-BE54-9A1E7A4F7556}") = "TeamCloud.Azure", "TeamCloud.Azure\TeamCloud.Azure.csproj", "{0699B550-63FB-40FF-862D-866DD14E35E3}"
EndProject
Project("{9A19103F-16F7-4668-BE54-9A1E7A4F7556}") = "TeamCloud.Azure.Tests", "TeamCloud.Azure.Tests\TeamCloud.Azure.Tests.csproj", "{1E5AB1FD-1185-4811-9517-0A0AA3D25D33}"
EndProject
Project("{9A19103F-16F7-4668-BE54-9A1E7A4F7556}") = "TeamCloud.Model.Validation", "TeamCloud.Model.Validation\TeamCloud.Model.Validation.csproj", "{1A123294-55E1-4EB6-AC5A-F9A55316EC22}"
EndProject
Project("{9A19103F-16F7-4668-BE54-9A1E7A4F7556}") = "TeamCloud.Model.Validation.Tests", "TeamCloud.Model.Validation.Tests\TeamCloud.Model.Validation.Tests.csproj", "{38631627-5E2F-4E29-93E3-14326DF5D863}"
EndProject
Project("{9A19103F-16F7-4668-BE54-9A1E7A4F7556}") = "TeamCloud.Http", "TeamCloud.Http\TeamCloud.Http.csproj", "{0A2493BE-E919-4771-A41A-4F3B68FD579A}"
EndProject
Project("{9A19103F-16F7-4668-BE54-9A1E7A4F7556}") = "TeamCloud.Azure.Deployment", "TeamCloud.Azure.Deployment\TeamCloud.Azure.Deployment.csproj", "{B9B2847C-0C90-451F-8D13-EDA4441C95AE}"
EndProject
Project("{9A19103F-16F7-4668-BE54-9A1E7A4F7556}") = "TeamCloud.Azure.Directory", "TeamCloud.Azure.Directory\TeamCloud.Azure.Directory.csproj", "{38DEB222-5BBF-48AB-9CF0-3D132D580734}"
EndProject
Project("{2150E333-8FDC-42A3-9474-1A3956D46DE8}") = "TeamCloud.Azure", "TeamCloud.Azure", "{FAB6CD99-7452-40EB-8F00-DB38601DE0E4}"
EndProject
Project("{2150E333-8FDC-42A3-9474-1A3956D46DE8}") = "TeamCloud.Misc", "TeamCloud.Misc", "{907EB108-924F-4487-8263-BD94AEFA63B6}"
EndProject
Project("{9A19103F-16F7-4668-BE54-9A1E7A4F7556}") = "TeamCloud.Azure.Resources", "TeamCloud.Azure.Resources\TeamCloud.Azure.Resources.csproj", "{D03ECC6B-A61E-4EE1-A2F9-898E76911883}"
EndProject
Project("{9A19103F-16F7-4668-BE54-9A1E7A4F7556}") = "TeamCloud.Model.Tests", "TeamCloud.Model.Tests\TeamCloud.Model.Tests.csproj", "{E7882EF4-2ADC-449B-973D-BE17F174039E}"
EndProject
Project("{9A19103F-16F7-4668-BE54-9A1E7A4F7556}") = "TeamCloud.Configuration.Options", "TeamCloud.Configuration.Options\TeamCloud.Configuration.Options.csproj", "{E69C47DB-4D01-4EA0-85FE-87E8B0924C38}"
EndProject
Project("{9A19103F-16F7-4668-BE54-9A1E7A4F7556}") = "TeamCloud.Orchestration", "TeamCloud.Orchestration\TeamCloud.Orchestration.csproj", "{10076816-878F-4161-8814-07A886F5E677}"
EndProject
Project("{9A19103F-16F7-4668-BE54-9A1E7A4F7556}") = "TeamCloud.Orchestration.Tests", "TeamCloud.Orchestration.Tests\TeamCloud.Orchestration.Tests.csproj", "{078098A7-CC8D-4B1B-A6CF-DF82EFDF3CB2}"
EndProject
Project("{9A19103F-16F7-4668-BE54-9A1E7A4F7556}") = "TeamCloud.Serialization", "TeamCloud.Serialization\TeamCloud.Serialization.csproj", "{58710957-8D0D-4271-8F6B-6143C732992F}"
EndProject
Project("{9A19103F-16F7-4668-BE54-9A1E7A4F7556}") = "TeamCloud.Serialization.Tests", "TeamCloud.Serialization.Tests\TeamCloud.Serialization.Tests.csproj", "{E199F6D5-2601-4320-8187-8F37E9803FEF}"
EndProject
Project("{2150E333-8FDC-42A3-9474-1A3956D46DE8}") = "Solution Items", "Solution Items", "{B2847BCE-3558-47D4-890A-D5E59DFBC88F}"
	ProjectSection(SolutionItems) = preProject
		.editorconfig = .editorconfig
		GlobalExtensions.cs = GlobalExtensions.cs
		GlobalSuppressions.cs = GlobalSuppressions.cs
		GlobalUtilities.cs = GlobalUtilities.cs
		TeamCloud.bat = TeamCloud.bat
		TeamCloud.sln.licenseheader = TeamCloud.sln.licenseheader
		TeamCloud.sln.targets = TeamCloud.sln.targets
	EndProjectSection
EndProject
Project("{9A19103F-16F7-4668-BE54-9A1E7A4F7556}") = "TeamCloud.Orchestration.Deployment", "TeamCloud.Orchestration.Deployment\TeamCloud.Orchestration.Deployment.csproj", "{4FB79741-4723-479C-A2F6-0A3BAE8D230E}"
EndProject
Project("{9A19103F-16F7-4668-BE54-9A1E7A4F7556}") = "TeamCloud.Audit", "TeamCloud.Audit\TeamCloud.Audit.csproj", "{A39DE429-4AA7-4170-B04D-A2F458CBE812}"
EndProject
Project("{9A19103F-16F7-4668-BE54-9A1E7A4F7556}") = "TeamCloud.Git", "TeamCloud.Git\TeamCloud.Git.csproj", "{CB4CCEB0-BCF5-4088-A8DE-7961272A2485}"
EndProject
Project("{9A19103F-16F7-4668-BE54-9A1E7A4F7556}") = "TeamCloud.Data.Expanders", "TeamCloud.Data.Expanders\TeamCloud.Data.Expanders.csproj", "{0585D00F-1B03-49AC-85B1-B7A5226EE2FA}"
EndProject
Project("{9A19103F-16F7-4668-BE54-9A1E7A4F7556}") = "TeamCloud.Notification", "TeamCloud.Notification\TeamCloud.Notification.csproj", "{0A4F2606-CE4A-489D-B59E-348158BFBE2B}"
EndProject
Project("{9A19103F-16F7-4668-BE54-9A1E7A4F7556}") = "TeamCloud.Notification.Smtp", "TeamCloud.Notification.Smtp\TeamCloud.Notification.Smtp.csproj", "{D069C8CC-0CC1-4CF0-94BF-BF4B25EBB945}"
EndProject
Project("{2150E333-8FDC-42A3-9474-1A3956D46DE8}") = "TeamCloud.Adapters", "TeamCloud.Adapters", "{E5B58433-F31C-4D22-8ACF-563F1B80B22A}"
EndProject
Project("{9A19103F-16F7-4668-BE54-9A1E7A4F7556}") = "TeamCloud.Adapters", "TeamCloud.Adapters\TeamCloud.Adapters.csproj", "{BCFE700B-7768-463E-91B9-0F1FD1175397}"
EndProject
Project("{9A19103F-16F7-4668-BE54-9A1E7A4F7556}") = "TeamCloud.Adapters.AzureDevOps", "TeamCloud.Adapters.AzureDevOps\TeamCloud.Adapters.AzureDevOps.csproj", "{69D5F6DD-A744-4876-9DCA-23D727E0E52B}"
EndProject
Project("{9A19103F-16F7-4668-BE54-9A1E7A4F7556}") = "TeamCloud.Adapters.GitHub", "TeamCloud.Adapters.GitHub\TeamCloud.Adapters.GitHub.csproj", "{7654CE1C-6D7C-4DCF-A96B-528A5274A492}"
EndProject
Project("{9A19103F-16F7-4668-BE54-9A1E7A4F7556}") = "TeamCloud.Templates", "TeamCloud.Templates\TeamCloud.Templates.csproj", "{F1B6A7BF-C813-42C9-A398-A31008129469}"
EndProject
Project("{9A19103F-16F7-4668-BE54-9A1E7A4F7556}") = "TeamCloud.Templates.Tests", "TeamCloud.Templates.Tests\TeamCloud.Templates.Tests.csproj", "{91D59CD6-0D72-4234-AB68-A42C8124AD99}"
EndProject
Project("{9A19103F-16F7-4668-BE54-9A1E7A4F7556}") = "TeamCloud.Adapters.AzureResourceManager", "TeamCloud.Adapters.AzureResourceManager\TeamCloud.Adapters.AzureResourceManager.csproj", "{F63F4167-4C00-4DDB-AB42-75F35ECB9B15}"
EndProject
Project("{9A19103F-16F7-4668-BE54-9A1E7A4F7556}") = "TeamCloud.Secrets", "TeamCloud.Secrets\TeamCloud.Secrets.csproj", "{14D7ABFE-FDE0-49F3-9C06-9130991E12B2}"
EndProject
Project("{9A19103F-16F7-4668-BE54-9A1E7A4F7556}") = "TeamCloud.Adapters.Kubernetes", "TeamCloud.Adapters.Kubernetes\TeamCloud.Adapters.Kubernetes.csproj", "{5B8A0893-2BC9-4C30-A7F7-6E1F9A14F8F7}"
EndProject
Project("{9A19103F-16F7-4668-BE54-9A1E7A4F7556}") = "TeamCloud.Validation", "TeamCloud.Validation\TeamCloud.Validation.csproj", "{06A689FE-D74D-491A-94A0-045454796FC4}"
EndProject
Project("{9A19103F-16F7-4668-BE54-9A1E7A4F7556}") = "TeamCloud.Adapters.Kubernetes.Tests", "TeamCloud.Adapters.Kubernetes.Tests\TeamCloud.Adapters.Kubernetes.Tests.csproj", "{E04CCCE6-2C03-481F-8496-2F59C458966F}"
EndProject
Project("{9A19103F-16F7-4668-BE54-9A1E7A4F7556}") = "TeamCloud.Validation.Providers", "TeamCloud.Validation.Providers\TeamCloud.Validation.Providers.csproj", "{216383FA-52FE-499D-A9B6-AAB43EABB48D}"
EndProject
Global
	GlobalSection(SolutionConfigurationPlatforms) = preSolution
		Debug|Any CPU = Debug|Any CPU
		Release|Any CPU = Release|Any CPU
	EndGlobalSection
	GlobalSection(ProjectConfigurationPlatforms) = postSolution
		{A725AC46-CE42-4B26-A928-D33299B9EE3B}.Debug|Any CPU.ActiveCfg = Debug|Any CPU
		{A725AC46-CE42-4B26-A928-D33299B9EE3B}.Debug|Any CPU.Build.0 = Debug|Any CPU
		{A725AC46-CE42-4B26-A928-D33299B9EE3B}.Release|Any CPU.ActiveCfg = Release|Any CPU
		{A725AC46-CE42-4B26-A928-D33299B9EE3B}.Release|Any CPU.Build.0 = Release|Any CPU
		{79AAAEF3-7DDC-47B9-935E-647D93C80D3F}.Debug|Any CPU.ActiveCfg = Debug|Any CPU
		{79AAAEF3-7DDC-47B9-935E-647D93C80D3F}.Debug|Any CPU.Build.0 = Debug|Any CPU
		{79AAAEF3-7DDC-47B9-935E-647D93C80D3F}.Release|Any CPU.ActiveCfg = Release|Any CPU
		{79AAAEF3-7DDC-47B9-935E-647D93C80D3F}.Release|Any CPU.Build.0 = Release|Any CPU
		{833BEEE5-CC9E-4F1B-A9E7-55EAA5AD3273}.Debug|Any CPU.ActiveCfg = Debug|Any CPU
		{833BEEE5-CC9E-4F1B-A9E7-55EAA5AD3273}.Debug|Any CPU.Build.0 = Debug|Any CPU
		{833BEEE5-CC9E-4F1B-A9E7-55EAA5AD3273}.Release|Any CPU.ActiveCfg = Release|Any CPU
		{833BEEE5-CC9E-4F1B-A9E7-55EAA5AD3273}.Release|Any CPU.Build.0 = Release|Any CPU
		{C89ECD4E-243F-48EB-A7F6-B5E7BBB71131}.Debug|Any CPU.ActiveCfg = Debug|Any CPU
		{C89ECD4E-243F-48EB-A7F6-B5E7BBB71131}.Debug|Any CPU.Build.0 = Debug|Any CPU
		{C89ECD4E-243F-48EB-A7F6-B5E7BBB71131}.Release|Any CPU.ActiveCfg = Release|Any CPU
		{C89ECD4E-243F-48EB-A7F6-B5E7BBB71131}.Release|Any CPU.Build.0 = Release|Any CPU
		{61B44E82-7B12-469A-81D7-AB6EEC4C6AA6}.Debug|Any CPU.ActiveCfg = Debug|Any CPU
		{61B44E82-7B12-469A-81D7-AB6EEC4C6AA6}.Debug|Any CPU.Build.0 = Debug|Any CPU
		{61B44E82-7B12-469A-81D7-AB6EEC4C6AA6}.Release|Any CPU.ActiveCfg = Release|Any CPU
		{61B44E82-7B12-469A-81D7-AB6EEC4C6AA6}.Release|Any CPU.Build.0 = Release|Any CPU
		{0699B550-63FB-40FF-862D-866DD14E35E3}.Debug|Any CPU.ActiveCfg = Debug|Any CPU
		{0699B550-63FB-40FF-862D-866DD14E35E3}.Debug|Any CPU.Build.0 = Debug|Any CPU
		{0699B550-63FB-40FF-862D-866DD14E35E3}.Release|Any CPU.ActiveCfg = Release|Any CPU
		{0699B550-63FB-40FF-862D-866DD14E35E3}.Release|Any CPU.Build.0 = Release|Any CPU
		{1E5AB1FD-1185-4811-9517-0A0AA3D25D33}.Debug|Any CPU.ActiveCfg = Debug|Any CPU
		{1E5AB1FD-1185-4811-9517-0A0AA3D25D33}.Debug|Any CPU.Build.0 = Debug|Any CPU
		{1E5AB1FD-1185-4811-9517-0A0AA3D25D33}.Release|Any CPU.ActiveCfg = Release|Any CPU
		{1E5AB1FD-1185-4811-9517-0A0AA3D25D33}.Release|Any CPU.Build.0 = Release|Any CPU
		{1A123294-55E1-4EB6-AC5A-F9A55316EC22}.Debug|Any CPU.ActiveCfg = Debug|Any CPU
		{1A123294-55E1-4EB6-AC5A-F9A55316EC22}.Debug|Any CPU.Build.0 = Debug|Any CPU
		{1A123294-55E1-4EB6-AC5A-F9A55316EC22}.Release|Any CPU.ActiveCfg = Release|Any CPU
		{1A123294-55E1-4EB6-AC5A-F9A55316EC22}.Release|Any CPU.Build.0 = Release|Any CPU
		{38631627-5E2F-4E29-93E3-14326DF5D863}.Debug|Any CPU.ActiveCfg = Debug|Any CPU
		{38631627-5E2F-4E29-93E3-14326DF5D863}.Debug|Any CPU.Build.0 = Debug|Any CPU
		{38631627-5E2F-4E29-93E3-14326DF5D863}.Release|Any CPU.ActiveCfg = Release|Any CPU
		{38631627-5E2F-4E29-93E3-14326DF5D863}.Release|Any CPU.Build.0 = Release|Any CPU
		{0A2493BE-E919-4771-A41A-4F3B68FD579A}.Debug|Any CPU.ActiveCfg = Debug|Any CPU
		{0A2493BE-E919-4771-A41A-4F3B68FD579A}.Debug|Any CPU.Build.0 = Debug|Any CPU
		{0A2493BE-E919-4771-A41A-4F3B68FD579A}.Release|Any CPU.ActiveCfg = Release|Any CPU
		{0A2493BE-E919-4771-A41A-4F3B68FD579A}.Release|Any CPU.Build.0 = Release|Any CPU
		{B9B2847C-0C90-451F-8D13-EDA4441C95AE}.Debug|Any CPU.ActiveCfg = Debug|Any CPU
		{B9B2847C-0C90-451F-8D13-EDA4441C95AE}.Debug|Any CPU.Build.0 = Debug|Any CPU
		{B9B2847C-0C90-451F-8D13-EDA4441C95AE}.Release|Any CPU.ActiveCfg = Release|Any CPU
		{B9B2847C-0C90-451F-8D13-EDA4441C95AE}.Release|Any CPU.Build.0 = Release|Any CPU
		{38DEB222-5BBF-48AB-9CF0-3D132D580734}.Debug|Any CPU.ActiveCfg = Debug|Any CPU
		{38DEB222-5BBF-48AB-9CF0-3D132D580734}.Debug|Any CPU.Build.0 = Debug|Any CPU
		{38DEB222-5BBF-48AB-9CF0-3D132D580734}.Release|Any CPU.ActiveCfg = Release|Any CPU
		{38DEB222-5BBF-48AB-9CF0-3D132D580734}.Release|Any CPU.Build.0 = Release|Any CPU
		{D03ECC6B-A61E-4EE1-A2F9-898E76911883}.Debug|Any CPU.ActiveCfg = Debug|Any CPU
		{D03ECC6B-A61E-4EE1-A2F9-898E76911883}.Debug|Any CPU.Build.0 = Debug|Any CPU
		{D03ECC6B-A61E-4EE1-A2F9-898E76911883}.Release|Any CPU.ActiveCfg = Release|Any CPU
		{D03ECC6B-A61E-4EE1-A2F9-898E76911883}.Release|Any CPU.Build.0 = Release|Any CPU
		{E7882EF4-2ADC-449B-973D-BE17F174039E}.Debug|Any CPU.ActiveCfg = Debug|Any CPU
		{E7882EF4-2ADC-449B-973D-BE17F174039E}.Debug|Any CPU.Build.0 = Debug|Any CPU
		{E7882EF4-2ADC-449B-973D-BE17F174039E}.Release|Any CPU.ActiveCfg = Release|Any CPU
		{E7882EF4-2ADC-449B-973D-BE17F174039E}.Release|Any CPU.Build.0 = Release|Any CPU
		{E69C47DB-4D01-4EA0-85FE-87E8B0924C38}.Debug|Any CPU.ActiveCfg = Debug|Any CPU
		{E69C47DB-4D01-4EA0-85FE-87E8B0924C38}.Debug|Any CPU.Build.0 = Debug|Any CPU
		{E69C47DB-4D01-4EA0-85FE-87E8B0924C38}.Release|Any CPU.ActiveCfg = Release|Any CPU
		{E69C47DB-4D01-4EA0-85FE-87E8B0924C38}.Release|Any CPU.Build.0 = Release|Any CPU
		{10076816-878F-4161-8814-07A886F5E677}.Debug|Any CPU.ActiveCfg = Debug|Any CPU
		{10076816-878F-4161-8814-07A886F5E677}.Debug|Any CPU.Build.0 = Debug|Any CPU
		{10076816-878F-4161-8814-07A886F5E677}.Release|Any CPU.ActiveCfg = Release|Any CPU
		{10076816-878F-4161-8814-07A886F5E677}.Release|Any CPU.Build.0 = Release|Any CPU
		{078098A7-CC8D-4B1B-A6CF-DF82EFDF3CB2}.Debug|Any CPU.ActiveCfg = Debug|Any CPU
		{078098A7-CC8D-4B1B-A6CF-DF82EFDF3CB2}.Debug|Any CPU.Build.0 = Debug|Any CPU
		{078098A7-CC8D-4B1B-A6CF-DF82EFDF3CB2}.Release|Any CPU.ActiveCfg = Release|Any CPU
		{078098A7-CC8D-4B1B-A6CF-DF82EFDF3CB2}.Release|Any CPU.Build.0 = Release|Any CPU
		{58710957-8D0D-4271-8F6B-6143C732992F}.Debug|Any CPU.ActiveCfg = Debug|Any CPU
		{58710957-8D0D-4271-8F6B-6143C732992F}.Debug|Any CPU.Build.0 = Debug|Any CPU
		{58710957-8D0D-4271-8F6B-6143C732992F}.Release|Any CPU.ActiveCfg = Release|Any CPU
		{58710957-8D0D-4271-8F6B-6143C732992F}.Release|Any CPU.Build.0 = Release|Any CPU
		{E199F6D5-2601-4320-8187-8F37E9803FEF}.Debug|Any CPU.ActiveCfg = Debug|Any CPU
		{E199F6D5-2601-4320-8187-8F37E9803FEF}.Debug|Any CPU.Build.0 = Debug|Any CPU
		{E199F6D5-2601-4320-8187-8F37E9803FEF}.Release|Any CPU.ActiveCfg = Release|Any CPU
		{E199F6D5-2601-4320-8187-8F37E9803FEF}.Release|Any CPU.Build.0 = Release|Any CPU
		{4FB79741-4723-479C-A2F6-0A3BAE8D230E}.Debug|Any CPU.ActiveCfg = Debug|Any CPU
		{4FB79741-4723-479C-A2F6-0A3BAE8D230E}.Debug|Any CPU.Build.0 = Debug|Any CPU
		{4FB79741-4723-479C-A2F6-0A3BAE8D230E}.Release|Any CPU.ActiveCfg = Release|Any CPU
		{4FB79741-4723-479C-A2F6-0A3BAE8D230E}.Release|Any CPU.Build.0 = Release|Any CPU
		{A39DE429-4AA7-4170-B04D-A2F458CBE812}.Debug|Any CPU.ActiveCfg = Debug|Any CPU
		{A39DE429-4AA7-4170-B04D-A2F458CBE812}.Debug|Any CPU.Build.0 = Debug|Any CPU
		{A39DE429-4AA7-4170-B04D-A2F458CBE812}.Release|Any CPU.ActiveCfg = Release|Any CPU
		{A39DE429-4AA7-4170-B04D-A2F458CBE812}.Release|Any CPU.Build.0 = Release|Any CPU
		{CB4CCEB0-BCF5-4088-A8DE-7961272A2485}.Debug|Any CPU.ActiveCfg = Debug|Any CPU
		{CB4CCEB0-BCF5-4088-A8DE-7961272A2485}.Debug|Any CPU.Build.0 = Debug|Any CPU
		{CB4CCEB0-BCF5-4088-A8DE-7961272A2485}.Release|Any CPU.ActiveCfg = Release|Any CPU
		{CB4CCEB0-BCF5-4088-A8DE-7961272A2485}.Release|Any CPU.Build.0 = Release|Any CPU
		{0585D00F-1B03-49AC-85B1-B7A5226EE2FA}.Debug|Any CPU.ActiveCfg = Debug|Any CPU
		{0585D00F-1B03-49AC-85B1-B7A5226EE2FA}.Debug|Any CPU.Build.0 = Debug|Any CPU
		{0585D00F-1B03-49AC-85B1-B7A5226EE2FA}.Release|Any CPU.ActiveCfg = Release|Any CPU
		{0585D00F-1B03-49AC-85B1-B7A5226EE2FA}.Release|Any CPU.Build.0 = Release|Any CPU
		{0A4F2606-CE4A-489D-B59E-348158BFBE2B}.Debug|Any CPU.ActiveCfg = Debug|Any CPU
		{0A4F2606-CE4A-489D-B59E-348158BFBE2B}.Debug|Any CPU.Build.0 = Debug|Any CPU
		{0A4F2606-CE4A-489D-B59E-348158BFBE2B}.Release|Any CPU.ActiveCfg = Release|Any CPU
		{0A4F2606-CE4A-489D-B59E-348158BFBE2B}.Release|Any CPU.Build.0 = Release|Any CPU
		{D069C8CC-0CC1-4CF0-94BF-BF4B25EBB945}.Debug|Any CPU.ActiveCfg = Debug|Any CPU
		{D069C8CC-0CC1-4CF0-94BF-BF4B25EBB945}.Debug|Any CPU.Build.0 = Debug|Any CPU
		{D069C8CC-0CC1-4CF0-94BF-BF4B25EBB945}.Release|Any CPU.ActiveCfg = Release|Any CPU
		{D069C8CC-0CC1-4CF0-94BF-BF4B25EBB945}.Release|Any CPU.Build.0 = Release|Any CPU
		{BCFE700B-7768-463E-91B9-0F1FD1175397}.Debug|Any CPU.ActiveCfg = Debug|Any CPU
		{BCFE700B-7768-463E-91B9-0F1FD1175397}.Debug|Any CPU.Build.0 = Debug|Any CPU
		{BCFE700B-7768-463E-91B9-0F1FD1175397}.Release|Any CPU.ActiveCfg = Release|Any CPU
		{BCFE700B-7768-463E-91B9-0F1FD1175397}.Release|Any CPU.Build.0 = Release|Any CPU
		{69D5F6DD-A744-4876-9DCA-23D727E0E52B}.Debug|Any CPU.ActiveCfg = Debug|Any CPU
		{69D5F6DD-A744-4876-9DCA-23D727E0E52B}.Debug|Any CPU.Build.0 = Debug|Any CPU
		{69D5F6DD-A744-4876-9DCA-23D727E0E52B}.Release|Any CPU.ActiveCfg = Release|Any CPU
		{69D5F6DD-A744-4876-9DCA-23D727E0E52B}.Release|Any CPU.Build.0 = Release|Any CPU
		{7654CE1C-6D7C-4DCF-A96B-528A5274A492}.Debug|Any CPU.ActiveCfg = Debug|Any CPU
		{7654CE1C-6D7C-4DCF-A96B-528A5274A492}.Debug|Any CPU.Build.0 = Debug|Any CPU
		{7654CE1C-6D7C-4DCF-A96B-528A5274A492}.Release|Any CPU.ActiveCfg = Release|Any CPU
		{7654CE1C-6D7C-4DCF-A96B-528A5274A492}.Release|Any CPU.Build.0 = Release|Any CPU
		{F1B6A7BF-C813-42C9-A398-A31008129469}.Debug|Any CPU.ActiveCfg = Debug|Any CPU
		{F1B6A7BF-C813-42C9-A398-A31008129469}.Debug|Any CPU.Build.0 = Debug|Any CPU
		{F1B6A7BF-C813-42C9-A398-A31008129469}.Release|Any CPU.ActiveCfg = Release|Any CPU
		{F1B6A7BF-C813-42C9-A398-A31008129469}.Release|Any CPU.Build.0 = Release|Any CPU
		{91D59CD6-0D72-4234-AB68-A42C8124AD99}.Debug|Any CPU.ActiveCfg = Debug|Any CPU
		{91D59CD6-0D72-4234-AB68-A42C8124AD99}.Debug|Any CPU.Build.0 = Debug|Any CPU
		{91D59CD6-0D72-4234-AB68-A42C8124AD99}.Release|Any CPU.ActiveCfg = Release|Any CPU
		{91D59CD6-0D72-4234-AB68-A42C8124AD99}.Release|Any CPU.Build.0 = Release|Any CPU
		{F63F4167-4C00-4DDB-AB42-75F35ECB9B15}.Debug|Any CPU.ActiveCfg = Debug|Any CPU
		{F63F4167-4C00-4DDB-AB42-75F35ECB9B15}.Debug|Any CPU.Build.0 = Debug|Any CPU
		{F63F4167-4C00-4DDB-AB42-75F35ECB9B15}.Release|Any CPU.ActiveCfg = Release|Any CPU
		{F63F4167-4C00-4DDB-AB42-75F35ECB9B15}.Release|Any CPU.Build.0 = Release|Any CPU
		{14D7ABFE-FDE0-49F3-9C06-9130991E12B2}.Debug|Any CPU.ActiveCfg = Debug|Any CPU
		{14D7ABFE-FDE0-49F3-9C06-9130991E12B2}.Debug|Any CPU.Build.0 = Debug|Any CPU
		{14D7ABFE-FDE0-49F3-9C06-9130991E12B2}.Release|Any CPU.ActiveCfg = Release|Any CPU
		{14D7ABFE-FDE0-49F3-9C06-9130991E12B2}.Release|Any CPU.Build.0 = Release|Any CPU
		{5B8A0893-2BC9-4C30-A7F7-6E1F9A14F8F7}.Debug|Any CPU.ActiveCfg = Debug|Any CPU
		{5B8A0893-2BC9-4C30-A7F7-6E1F9A14F8F7}.Debug|Any CPU.Build.0 = Debug|Any CPU
		{5B8A0893-2BC9-4C30-A7F7-6E1F9A14F8F7}.Release|Any CPU.ActiveCfg = Release|Any CPU
		{5B8A0893-2BC9-4C30-A7F7-6E1F9A14F8F7}.Release|Any CPU.Build.0 = Release|Any CPU
		{06A689FE-D74D-491A-94A0-045454796FC4}.Debug|Any CPU.ActiveCfg = Debug|Any CPU
		{06A689FE-D74D-491A-94A0-045454796FC4}.Debug|Any CPU.Build.0 = Debug|Any CPU
		{06A689FE-D74D-491A-94A0-045454796FC4}.Release|Any CPU.ActiveCfg = Release|Any CPU
		{06A689FE-D74D-491A-94A0-045454796FC4}.Release|Any CPU.Build.0 = Release|Any CPU
		{E04CCCE6-2C03-481F-8496-2F59C458966F}.Debug|Any CPU.ActiveCfg = Debug|Any CPU
		{E04CCCE6-2C03-481F-8496-2F59C458966F}.Debug|Any CPU.Build.0 = Debug|Any CPU
		{E04CCCE6-2C03-481F-8496-2F59C458966F}.Release|Any CPU.ActiveCfg = Release|Any CPU
		{E04CCCE6-2C03-481F-8496-2F59C458966F}.Release|Any CPU.Build.0 = Release|Any CPU
		{216383FA-52FE-499D-A9B6-AAB43EABB48D}.Debug|Any CPU.ActiveCfg = Debug|Any CPU
		{216383FA-52FE-499D-A9B6-AAB43EABB48D}.Debug|Any CPU.Build.0 = Debug|Any CPU
		{216383FA-52FE-499D-A9B6-AAB43EABB48D}.Release|Any CPU.ActiveCfg = Release|Any CPU
		{216383FA-52FE-499D-A9B6-AAB43EABB48D}.Release|Any CPU.Build.0 = Release|Any CPU
	EndGlobalSection
	GlobalSection(SolutionProperties) = preSolution
		HideSolutionNode = FALSE
	EndGlobalSection
	GlobalSection(NestedProjects) = preSolution
		{79AAAEF3-7DDC-47B9-935E-647D93C80D3F} = {907EB108-924F-4487-8263-BD94AEFA63B6}
		{C89ECD4E-243F-48EB-A7F6-B5E7BBB71131} = {907EB108-924F-4487-8263-BD94AEFA63B6}
		{61B44E82-7B12-469A-81D7-AB6EEC4C6AA6} = {907EB108-924F-4487-8263-BD94AEFA63B6}
		{0699B550-63FB-40FF-862D-866DD14E35E3} = {FAB6CD99-7452-40EB-8F00-DB38601DE0E4}
		{1E5AB1FD-1185-4811-9517-0A0AA3D25D33} = {FAB6CD99-7452-40EB-8F00-DB38601DE0E4}
		{1A123294-55E1-4EB6-AC5A-F9A55316EC22} = {907EB108-924F-4487-8263-BD94AEFA63B6}
		{38631627-5E2F-4E29-93E3-14326DF5D863} = {907EB108-924F-4487-8263-BD94AEFA63B6}
		{0A2493BE-E919-4771-A41A-4F3B68FD579A} = {907EB108-924F-4487-8263-BD94AEFA63B6}
		{B9B2847C-0C90-451F-8D13-EDA4441C95AE} = {FAB6CD99-7452-40EB-8F00-DB38601DE0E4}
		{38DEB222-5BBF-48AB-9CF0-3D132D580734} = {FAB6CD99-7452-40EB-8F00-DB38601DE0E4}
		{D03ECC6B-A61E-4EE1-A2F9-898E76911883} = {FAB6CD99-7452-40EB-8F00-DB38601DE0E4}
		{E7882EF4-2ADC-449B-973D-BE17F174039E} = {907EB108-924F-4487-8263-BD94AEFA63B6}
		{E69C47DB-4D01-4EA0-85FE-87E8B0924C38} = {907EB108-924F-4487-8263-BD94AEFA63B6}
		{10076816-878F-4161-8814-07A886F5E677} = {907EB108-924F-4487-8263-BD94AEFA63B6}
		{078098A7-CC8D-4B1B-A6CF-DF82EFDF3CB2} = {907EB108-924F-4487-8263-BD94AEFA63B6}
		{58710957-8D0D-4271-8F6B-6143C732992F} = {907EB108-924F-4487-8263-BD94AEFA63B6}
		{E199F6D5-2601-4320-8187-8F37E9803FEF} = {907EB108-924F-4487-8263-BD94AEFA63B6}
		{4FB79741-4723-479C-A2F6-0A3BAE8D230E} = {907EB108-924F-4487-8263-BD94AEFA63B6}
		{A39DE429-4AA7-4170-B04D-A2F458CBE812} = {907EB108-924F-4487-8263-BD94AEFA63B6}
		{CB4CCEB0-BCF5-4088-A8DE-7961272A2485} = {907EB108-924F-4487-8263-BD94AEFA63B6}
		{0585D00F-1B03-49AC-85B1-B7A5226EE2FA} = {907EB108-924F-4487-8263-BD94AEFA63B6}
		{0A4F2606-CE4A-489D-B59E-348158BFBE2B} = {907EB108-924F-4487-8263-BD94AEFA63B6}
		{D069C8CC-0CC1-4CF0-94BF-BF4B25EBB945} = {907EB108-924F-4487-8263-BD94AEFA63B6}
		{BCFE700B-7768-463E-91B9-0F1FD1175397} = {E5B58433-F31C-4D22-8ACF-563F1B80B22A}
		{69D5F6DD-A744-4876-9DCA-23D727E0E52B} = {E5B58433-F31C-4D22-8ACF-563F1B80B22A}
		{7654CE1C-6D7C-4DCF-A96B-528A5274A492} = {E5B58433-F31C-4D22-8ACF-563F1B80B22A}
		{F1B6A7BF-C813-42C9-A398-A31008129469} = {907EB108-924F-4487-8263-BD94AEFA63B6}
		{91D59CD6-0D72-4234-AB68-A42C8124AD99} = {907EB108-924F-4487-8263-BD94AEFA63B6}
		{F63F4167-4C00-4DDB-AB42-75F35ECB9B15} = {E5B58433-F31C-4D22-8ACF-563F1B80B22A}
		{14D7ABFE-FDE0-49F3-9C06-9130991E12B2} = {907EB108-924F-4487-8263-BD94AEFA63B6}
		{5B8A0893-2BC9-4C30-A7F7-6E1F9A14F8F7} = {E5B58433-F31C-4D22-8ACF-563F1B80B22A}
		{06A689FE-D74D-491A-94A0-045454796FC4} = {907EB108-924F-4487-8263-BD94AEFA63B6}
		{E04CCCE6-2C03-481F-8496-2F59C458966F} = {E5B58433-F31C-4D22-8ACF-563F1B80B22A}
		{216383FA-52FE-499D-A9B6-AAB43EABB48D} = {907EB108-924F-4487-8263-BD94AEFA63B6}
	EndGlobalSection
	GlobalSection(ExtensibilityGlobals) = postSolution
		SolutionGuid = {E5BA7A63-87D1-481D-896E-2E9923B298B4}
	EndGlobalSection
	GlobalSection(MonoDevelopProperties) = preSolution
		Policies = $0
		$0.StandardHeader = $1
		$1.Text = FIXME Needs Header
		$0.DotNetNamingPolicy = $2
		$2.DirectoryNamespaceAssociation = PrefixedHierarchical
	EndGlobalSection
EndGlobal
