Microsoft Visual Studio Solution File, Format Version 12.00
# Visual Studio Version 16
VisualStudioVersion = 16.0.29613.14
MinimumVisualStudioVersion = 10.0.40219.1
Project("{9A19103F-16F7-4668-BE54-9A1E7A4F7556}") = "TeamCloud.API", "TeamCloud.API\TeamCloud.API.csproj", "{A725AC46-CE42-4B26-A928-D33299B9EE3B}"
EndProject
Project("{9A19103F-16F7-4668-BE54-9A1E7A4F7556}") = "TeamCloud.Model", "TeamCloud.Model\TeamCloud.Model.csproj", "{79AAAEF3-7DDC-47B9-935E-647D93C80D3F}"
EndProject
Project("{9A19103F-16F7-4668-BE54-9A1E7A4F7556}") = "TeamCloud.Orchestrator", "TeamCloud.Orchestrator\TeamCloud.Orchestrator.csproj", "{833BEEE5-CC9E-4F1B-A9E7-55EAA5AD3273}"
EndProject
Project("{9A19103F-16F7-4668-BE54-9A1E7A4F7556}") = "TeamCloud.Data", "TeamCloud.Data\TeamCloud.Data.csproj", "{C89ECD4E-243F-48EB-A7F6-B5E7BBB71131}"
EndProject
Project("{9A19103F-16F7-4668-BE54-9A1E7A4F7556}") = "TeamCloud.Configuration", "TeamCloud.Configuration\TeamCloud.Configuration.csproj", "{61B44E82-7B12-469A-81D7-AB6EEC4C6AA6}"
EndProject
Project("{9A19103F-16F7-4668-BE54-9A1E7A4F7556}") = "TeamCloud.Azure", "TeamCloud.Azure\TeamCloud.Azure.csproj", "{0699B550-63FB-40FF-862D-866DD14E35E3}"
EndProject
Project("{9A19103F-16F7-4668-BE54-9A1E7A4F7556}") = "TeamCloud.Azure.Tests", "TeamCloud.Azure.Tests\TeamCloud.Azure.Tests.csproj", "{1E5AB1FD-1185-4811-9517-0A0AA3D25D33}"
EndProject
Project("{2150E333-8FDC-42A3-9474-1A3956D46DE8}") = "SolutionProperties", "SolutionProperties", "{2BBEED0F-8230-49D0-9F4A-E1C90E14812B}"
	ProjectSection(SolutionItems) = preProject
		TeamCloud.sln.licenseheader = TeamCloud.sln.licenseheader
	EndProjectSection
EndProject
Project("{9A19103F-16F7-4668-BE54-9A1E7A4F7556}") = "TeamCloud.Model.Validation", "TeamCloud.Model.Validation\TeamCloud.Model.Validation.csproj", "{1A123294-55E1-4EB6-AC5A-F9A55316EC22}"
EndProject
Project("{9A19103F-16F7-4668-BE54-9A1E7A4F7556}") = "TeamCloud.Model.Validation.Tests", "TeamCloud.Model.Validation.Tests\TeamCloud.Model.Validation.Tests.csproj", "{38631627-5E2F-4E29-93E3-14326DF5D863}"
EndProject
Project("{9A19103F-16F7-4668-BE54-9A1E7A4F7556}") = "TeamCloud.Http", "TeamCloud.Http\TeamCloud.Http.csproj", "{0A2493BE-E919-4771-A41A-4F3B68FD579A}"
EndProject
Project("{9A19103F-16F7-4668-BE54-9A1E7A4F7556}") = "TeamCloud.Azure.Deployment", "TeamCloud.Azure.Deployments\TeamCloud.Azure.Deployment.csproj", "{B9B2847C-0C90-451F-8D13-EDA4441C95AE}"
EndProject
Project("{FAE04EC0-301F-11D3-BF4B-00C04F79EFBC}") = "TeamCloud.Azure.Directory", "TeamCloud.Azure.Directory\TeamCloud.Azure.Directory.csproj", "{38DEB222-5BBF-48AB-9CF0-3D132D580734}"
EndProject
Global
	GlobalSection(SolutionConfigurationPlatforms) = preSolution
		Debug|Any CPU = Debug|Any CPU
		Release|Any CPU = Release|Any CPU
	EndGlobalSection
	GlobalSection(ProjectConfigurationPlatforms) = postSolution
		{A725AC46-CE42-4B26-A928-D33299B9EE3B}.Debug|Any CPU.ActiveCfg = Debug|Any CPU
		{A725AC46-CE42-4B26-A928-D33299B9EE3B}.Debug|Any CPU.Build.0 = Debug|Any CPU
		{A725AC46-CE42-4B26-A928-D33299B9EE3B}.Release|Any CPU.ActiveCfg = Release|Any CPU
		{A725AC46-CE42-4B26-A928-D33299B9EE3B}.Release|Any CPU.Build.0 = Release|Any CPU
		{79AAAEF3-7DDC-47B9-935E-647D93C80D3F}.Debug|Any CPU.ActiveCfg = Debug|Any CPU
		{79AAAEF3-7DDC-47B9-935E-647D93C80D3F}.Debug|Any CPU.Build.0 = Debug|Any CPU
		{79AAAEF3-7DDC-47B9-935E-647D93C80D3F}.Release|Any CPU.ActiveCfg = Release|Any CPU
		{79AAAEF3-7DDC-47B9-935E-647D93C80D3F}.Release|Any CPU.Build.0 = Release|Any CPU
		{833BEEE5-CC9E-4F1B-A9E7-55EAA5AD3273}.Debug|Any CPU.ActiveCfg = Debug|Any CPU
		{833BEEE5-CC9E-4F1B-A9E7-55EAA5AD3273}.Debug|Any CPU.Build.0 = Debug|Any CPU
		{833BEEE5-CC9E-4F1B-A9E7-55EAA5AD3273}.Release|Any CPU.ActiveCfg = Release|Any CPU
		{833BEEE5-CC9E-4F1B-A9E7-55EAA5AD3273}.Release|Any CPU.Build.0 = Release|Any CPU
		{C89ECD4E-243F-48EB-A7F6-B5E7BBB71131}.Debug|Any CPU.ActiveCfg = Debug|Any CPU
		{C89ECD4E-243F-48EB-A7F6-B5E7BBB71131}.Debug|Any CPU.Build.0 = Debug|Any CPU
		{C89ECD4E-243F-48EB-A7F6-B5E7BBB71131}.Release|Any CPU.ActiveCfg = Release|Any CPU
		{C89ECD4E-243F-48EB-A7F6-B5E7BBB71131}.Release|Any CPU.Build.0 = Release|Any CPU
		{61B44E82-7B12-469A-81D7-AB6EEC4C6AA6}.Debug|Any CPU.ActiveCfg = Debug|Any CPU
		{61B44E82-7B12-469A-81D7-AB6EEC4C6AA6}.Debug|Any CPU.Build.0 = Debug|Any CPU
		{61B44E82-7B12-469A-81D7-AB6EEC4C6AA6}.Release|Any CPU.ActiveCfg = Release|Any CPU
		{61B44E82-7B12-469A-81D7-AB6EEC4C6AA6}.Release|Any CPU.Build.0 = Release|Any CPU
		{0699B550-63FB-40FF-862D-866DD14E35E3}.Debug|Any CPU.ActiveCfg = Debug|Any CPU
		{0699B550-63FB-40FF-862D-866DD14E35E3}.Debug|Any CPU.Build.0 = Debug|Any CPU
		{0699B550-63FB-40FF-862D-866DD14E35E3}.Release|Any CPU.ActiveCfg = Release|Any CPU
		{0699B550-63FB-40FF-862D-866DD14E35E3}.Release|Any CPU.Build.0 = Release|Any CPU
		{1E5AB1FD-1185-4811-9517-0A0AA3D25D33}.Debug|Any CPU.ActiveCfg = Debug|Any CPU
		{1E5AB1FD-1185-4811-9517-0A0AA3D25D33}.Debug|Any CPU.Build.0 = Debug|Any CPU
		{1E5AB1FD-1185-4811-9517-0A0AA3D25D33}.Release|Any CPU.ActiveCfg = Release|Any CPU
		{1E5AB1FD-1185-4811-9517-0A0AA3D25D33}.Release|Any CPU.Build.0 = Release|Any CPU
		{1A123294-55E1-4EB6-AC5A-F9A55316EC22}.Debug|Any CPU.ActiveCfg = Debug|Any CPU
		{1A123294-55E1-4EB6-AC5A-F9A55316EC22}.Debug|Any CPU.Build.0 = Debug|Any CPU
		{1A123294-55E1-4EB6-AC5A-F9A55316EC22}.Release|Any CPU.ActiveCfg = Release|Any CPU
		{1A123294-55E1-4EB6-AC5A-F9A55316EC22}.Release|Any CPU.Build.0 = Release|Any CPU
		{38631627-5E2F-4E29-93E3-14326DF5D863}.Debug|Any CPU.ActiveCfg = Debug|Any CPU
		{38631627-5E2F-4E29-93E3-14326DF5D863}.Debug|Any CPU.Build.0 = Debug|Any CPU
		{38631627-5E2F-4E29-93E3-14326DF5D863}.Release|Any CPU.ActiveCfg = Release|Any CPU
		{38631627-5E2F-4E29-93E3-14326DF5D863}.Release|Any CPU.Build.0 = Release|Any CPU
		{0A2493BE-E919-4771-A41A-4F3B68FD579A}.Debug|Any CPU.ActiveCfg = Debug|Any CPU
		{0A2493BE-E919-4771-A41A-4F3B68FD579A}.Debug|Any CPU.Build.0 = Debug|Any CPU
		{0A2493BE-E919-4771-A41A-4F3B68FD579A}.Release|Any CPU.ActiveCfg = Release|Any CPU
		{0A2493BE-E919-4771-A41A-4F3B68FD579A}.Release|Any CPU.Build.0 = Release|Any CPU
		{B9B2847C-0C90-451F-8D13-EDA4441C95AE}.Debug|Any CPU.ActiveCfg = Debug|Any CPU
		{B9B2847C-0C90-451F-8D13-EDA4441C95AE}.Debug|Any CPU.Build.0 = Debug|Any CPU
		{B9B2847C-0C90-451F-8D13-EDA4441C95AE}.Release|Any CPU.ActiveCfg = Release|Any CPU
		{B9B2847C-0C90-451F-8D13-EDA4441C95AE}.Release|Any CPU.Build.0 = Release|Any CPU
		{38DEB222-5BBF-48AB-9CF0-3D132D580734}.Debug|Any CPU.ActiveCfg = Debug|Any CPU
		{38DEB222-5BBF-48AB-9CF0-3D132D580734}.Debug|Any CPU.Build.0 = Debug|Any CPU
		{38DEB222-5BBF-48AB-9CF0-3D132D580734}.Release|Any CPU.ActiveCfg = Release|Any CPU
		{38DEB222-5BBF-48AB-9CF0-3D132D580734}.Release|Any CPU.Build.0 = Release|Any CPU
	EndGlobalSection
	GlobalSection(SolutionProperties) = preSolution
		HideSolutionNode = FALSE
	EndGlobalSection
	GlobalSection(ExtensibilityGlobals) = postSolution
		SolutionGuid = {E5BA7A63-87D1-481D-896E-2E9923B298B4}
	EndGlobalSection
	GlobalSection(MonoDevelopProperties) = preSolution
		Policies = $0
		$0.StandardHeader = $1
		$1.Text = FIXME Needs Header
		$0.DotNetNamingPolicy = $2
		$2.DirectoryNamespaceAssociation = PrefixedHierarchical
	EndGlobalSection
EndGlobal
